
Microsoft Visual Studio Solution File, Format Version 12.00
# Visual Studio Version 17
VisualStudioVersion = 17.8.34309.116
MinimumVisualStudioVersion = 10.0.40219.1
Project("{FAE04EC0-301F-11D3-BF4B-00C04F79EFBC}") = "MatchConfig", "MatchConfig\MatchConfig.csproj", "{C93B7850-827F-4052-8367-765DA82D2178}"
EndProject
Project("{FAE04EC0-301F-11D3-BF4B-00C04F79EFBC}") = "MatchConfig.Test", "MatchConfig.Test\MatchConfig.Test.csproj", "{43C4A987-C857-487D-8992-BCB776627AF0}"
EndProject
Global
	GlobalSection(SolutionConfigurationPlatforms) = preSolution
		Debug|Any CPU = Debug|Any CPU
		Release|Any CPU = Release|Any CPU
	EndGlobalSection
	GlobalSection(ProjectConfigurationPlatforms) = postSolution
		{C93B7850-827F-4052-8367-765DA82D2178}.Debug|Any CPU.ActiveCfg = Debug|Any CPU
		{C93B7850-827F-4052-8367-765DA82D2178}.Debug|Any CPU.Build.0 = Debug|Any CPU
		{C93B7850-827F-4052-8367-765DA82D2178}.Release|Any CPU.ActiveCfg = Release|Any CPU
		{C93B7850-827F-4052-8367-765DA82D2178}.Release|Any CPU.Build.0 = Release|Any CPU
		{43C4A987-C857-487D-8992-BCB776627AF0}.Debug|Any CPU.ActiveCfg = Debug|Any CPU
		{43C4A987-C857-487D-8992-BCB776627AF0}.Debug|Any CPU.Build.0 = Debug|Any CPU
		{43C4A987-C857-487D-8992-BCB776627AF0}.Release|Any CPU.ActiveCfg = Release|Any CPU
		{43C4A987-C857-487D-8992-BCB776627AF0}.Release|Any CPU.Build.0 = Release|Any CPU
	EndGlobalSection
	GlobalSection(SolutionProperties) = preSolution
		HideSolutionNode = FALSE
	EndGlobalSection
	GlobalSection(ExtensibilityGlobals) = postSolution
		SolutionGuid = {0CC22EA1-1225-4994-9FC0-D5DA1AE69711}
	EndGlobalSection
EndGlobal
